// !$*UTF8*$!
{
	archiveVersion = 1;
	classes = {
	};
	objectVersion = 46;
	objects = {

/* Begin PBXBuildFile section */
		A02920D31D39ABC100EE6EF0 /* main.m in Sources */ = {isa = PBXBuildFile; fileRef = A02920D21D39ABC100EE6EF0 /* main.m */; };
		A02920D61D39ABC100EE6EF0 /* AppDelegate.m in Sources */ = {isa = PBXBuildFile; fileRef = A02920D51D39ABC100EE6EF0 /* AppDelegate.m */; };
		A02920D91D39ABC100EE6EF0 /* Start.m in Sources */ = {isa = PBXBuildFile; fileRef = A02920D81D39ABC100EE6EF0 /* Start.m */; };
		A02920DC1D39ABC200EE6EF0 /* Main.storyboard in Resources */ = {isa = PBXBuildFile; fileRef = A02920DA1D39ABC200EE6EF0 /* Main.storyboard */; };
		A02920DF1D39ABC200EE6EF0 /* WebServices.xcdatamodeld in Sources */ = {isa = PBXBuildFile; fileRef = A02920DD1D39ABC200EE6EF0 /* WebServices.xcdatamodeld */; };
		A02920E11D39ABC200EE6EF0 /* Assets.xcassets in Resources */ = {isa = PBXBuildFile; fileRef = A02920E01D39ABC200EE6EF0 /* Assets.xcassets */; };
		A02920E41D39ABC200EE6EF0 /* LaunchScreen.storyboard in Resources */ = {isa = PBXBuildFile; fileRef = A02920E21D39ABC200EE6EF0 /* LaunchScreen.storyboard */; };
		A02921071D39AF7E00EE6EF0 /* NSDictionary+ObjectMapper.m in Sources */ = {isa = PBXBuildFile; fileRef = A02920F01D39AF7E00EE6EF0 /* NSDictionary+ObjectMapper.m */; };
		A02921081D39AF7E00EE6EF0 /* NSObject+ObjectMapper.m in Sources */ = {isa = PBXBuildFile; fileRef = A02920F21D39AF7E00EE6EF0 /* NSObject+ObjectMapper.m */; };
		A02921091D39AF7E00EE6EF0 /* ManagedObjectInstanceProvider.m in Sources */ = {isa = PBXBuildFile; fileRef = A02920F61D39AF7E00EE6EF0 /* ManagedObjectInstanceProvider.m */; };
		A029210A1D39AF7E00EE6EF0 /* ObjectInstanceProvider.m in Sources */ = {isa = PBXBuildFile; fileRef = A02920F81D39AF7E00EE6EF0 /* ObjectInstanceProvider.m */; };
		A029210B1D39AF7E00EE6EF0 /* CommonLoggingProvider.m in Sources */ = {isa = PBXBuildFile; fileRef = A02920FB1D39AF7E00EE6EF0 /* CommonLoggingProvider.m */; };
		A029210C1D39AF7E00EE6EF0 /* InCodeMappingProvider.m in Sources */ = {isa = PBXBuildFile; fileRef = A02921001D39AF7E00EE6EF0 /* InCodeMappingProvider.m */; };
		A029210D1D39AF7E00EE6EF0 /* ObjectMapper.m in Sources */ = {isa = PBXBuildFile; fileRef = A02921031D39AF7E00EE6EF0 /* ObjectMapper.m */; };
		A029210E1D39AF7E00EE6EF0 /* ObjectMappingInfo.m in Sources */ = {isa = PBXBuildFile; fileRef = A02921051D39AF7E00EE6EF0 /* ObjectMappingInfo.m */; };
		A02921111D39B01500EE6EF0 /* Declarations.m in Sources */ = {isa = PBXBuildFile; fileRef = A02921101D39B01500EE6EF0 /* Declarations.m */; };
		A02921141D39B02400EE6EF0 /* WebServices.m in Sources */ = {isa = PBXBuildFile; fileRef = A02921131D39B02400EE6EF0 /* WebServices.m */; };
		A02921171D39B03700EE6EF0 /* Parser.m in Sources */ = {isa = PBXBuildFile; fileRef = A02921161D39B03700EE6EF0 /* Parser.m */; };
		A029211A1D39B05100EE6EF0 /* OCMapperConfig.m in Sources */ = {isa = PBXBuildFile; fileRef = A02921191D39B05100EE6EF0 /* OCMapperConfig.m */; };
		A02921351D39C3E000EE6EF0 /* NSObject+SBJson.m in Sources */ = {isa = PBXBuildFile; fileRef = A029211D1D39C3E000EE6EF0 /* NSObject+SBJson.m */; };
		A02921361D39C3E000EE6EF0 /* SBJsonParser.m in Sources */ = {isa = PBXBuildFile; fileRef = A02921201D39C3E000EE6EF0 /* SBJsonParser.m */; };
		A02921371D39C3E000EE6EF0 /* SBJsonStreamParser.m in Sources */ = {isa = PBXBuildFile; fileRef = A02921221D39C3E000EE6EF0 /* SBJsonStreamParser.m */; };
		A02921381D39C3E000EE6EF0 /* SBJsonStreamParserAccumulator.m in Sources */ = {isa = PBXBuildFile; fileRef = A02921241D39C3E000EE6EF0 /* SBJsonStreamParserAccumulator.m */; };
		A02921391D39C3E000EE6EF0 /* SBJsonStreamParserAdapter.m in Sources */ = {isa = PBXBuildFile; fileRef = A02921261D39C3E000EE6EF0 /* SBJsonStreamParserAdapter.m */; };
		A029213A1D39C3E000EE6EF0 /* SBJsonStreamParserState.m in Sources */ = {isa = PBXBuildFile; fileRef = A02921281D39C3E000EE6EF0 /* SBJsonStreamParserState.m */; };
		A029213B1D39C3E000EE6EF0 /* SBJsonStreamWriter.m in Sources */ = {isa = PBXBuildFile; fileRef = A029212A1D39C3E000EE6EF0 /* SBJsonStreamWriter.m */; };
		A029213C1D39C3E000EE6EF0 /* SBJsonStreamWriterAccumulator.m in Sources */ = {isa = PBXBuildFile; fileRef = A029212C1D39C3E000EE6EF0 /* SBJsonStreamWriterAccumulator.m */; };
		A029213D1D39C3E000EE6EF0 /* SBJsonStreamWriterState.m in Sources */ = {isa = PBXBuildFile; fileRef = A029212E1D39C3E000EE6EF0 /* SBJsonStreamWriterState.m */; };
		A029213E1D39C3E000EE6EF0 /* SBJsonTokeniser.m in Sources */ = {isa = PBXBuildFile; fileRef = A02921301D39C3E000EE6EF0 /* SBJsonTokeniser.m */; };
		A029213F1D39C3E000EE6EF0 /* SBJsonUTF8Stream.m in Sources */ = {isa = PBXBuildFile; fileRef = A02921321D39C3E000EE6EF0 /* SBJsonUTF8Stream.m */; };
		A02921401D39C3E000EE6EF0 /* SBJsonWriter.m in Sources */ = {isa = PBXBuildFile; fileRef = A02921341D39C3E000EE6EF0 /* SBJsonWriter.m */; };
		A02921441D39C67800EE6EF0 /* ObjectResponse.m in Sources */ = {isa = PBXBuildFile; fileRef = A02921431D39C67800EE6EF0 /* ObjectResponse.m */; };
		A02921471D39C78200EE6EF0 /* Coord.m in Sources */ = {isa = PBXBuildFile; fileRef = A02921461D39C78200EE6EF0 /* Coord.m */; };
		A09C2D791D556E8400644A62 /* MainObject.m in Sources */ = {isa = PBXBuildFile; fileRef = A09C2D781D556E8400644A62 /* MainObject.m */; };
		A09C2D7B1D5577B800644A62 /* Podfile in Resources */ = {isa = PBXBuildFile; fileRef = A09C2D7A1D5577B800644A62 /* Podfile */; };
/* End PBXBuildFile section */

/* Begin PBXFileReference section */
		A02920CE1D39ABC100EE6EF0 /* WebServices.app */ = {isa = PBXFileReference; explicitFileType = wrapper.application; includeInIndex = 0; path = WebServices.app; sourceTree = BUILT_PRODUCTS_DIR; };
		A02920D21D39ABC100EE6EF0 /* main.m */ = {isa = PBXFileReference; lastKnownFileType = sourcecode.c.objc; path = main.m; sourceTree = "<group>"; };
		A02920D41D39ABC100EE6EF0 /* AppDelegate.h */ = {isa = PBXFileReference; lastKnownFileType = sourcecode.c.h; path = AppDelegate.h; sourceTree = "<group>"; };
		A02920D51D39ABC100EE6EF0 /* AppDelegate.m */ = {isa = PBXFileReference; lastKnownFileType = sourcecode.c.objc; path = AppDelegate.m; sourceTree = "<group>"; };
		A02920D71D39ABC100EE6EF0 /* Start.h */ = {isa = PBXFileReference; lastKnownFileType = sourcecode.c.h; path = Start.h; sourceTree = "<group>"; };
		A02920D81D39ABC100EE6EF0 /* Start.m */ = {isa = PBXFileReference; lastKnownFileType = sourcecode.c.objc; path = Start.m; sourceTree = "<group>"; };
		A02920DB1D39ABC200EE6EF0 /* Base */ = {isa = PBXFileReference; lastKnownFileType = file.storyboard; name = Base; path = Base.lproj/Main.storyboard; sourceTree = "<group>"; };
		A02920DE1D39ABC200EE6EF0 /* WebServices.xcdatamodel */ = {isa = PBXFileReference; lastKnownFileType = wrapper.xcdatamodel; path = WebServices.xcdatamodel; sourceTree = "<group>"; };
		A02920E01D39ABC200EE6EF0 /* Assets.xcassets */ = {isa = PBXFileReference; lastKnownFileType = folder.assetcatalog; path = Assets.xcassets; sourceTree = "<group>"; };
		A02920E31D39ABC200EE6EF0 /* Base */ = {isa = PBXFileReference; lastKnownFileType = file.storyboard; name = Base; path = Base.lproj/LaunchScreen.storyboard; sourceTree = "<group>"; };
		A02920E51D39ABC200EE6EF0 /* Info.plist */ = {isa = PBXFileReference; lastKnownFileType = text.plist.xml; path = Info.plist; sourceTree = "<group>"; };
		A02920EF1D39AF7E00EE6EF0 /* NSDictionary+ObjectMapper.h */ = {isa = PBXFileReference; fileEncoding = 4; lastKnownFileType = sourcecode.c.h; path = "NSDictionary+ObjectMapper.h"; sourceTree = "<group>"; };
		A02920F01D39AF7E00EE6EF0 /* NSDictionary+ObjectMapper.m */ = {isa = PBXFileReference; fileEncoding = 4; lastKnownFileType = sourcecode.c.objc; path = "NSDictionary+ObjectMapper.m"; sourceTree = "<group>"; };
		A02920F11D39AF7E00EE6EF0 /* NSObject+ObjectMapper.h */ = {isa = PBXFileReference; fileEncoding = 4; lastKnownFileType = sourcecode.c.h; path = "NSObject+ObjectMapper.h"; sourceTree = "<group>"; };
		A02920F21D39AF7E00EE6EF0 /* NSObject+ObjectMapper.m */ = {isa = PBXFileReference; fileEncoding = 4; lastKnownFileType = sourcecode.c.objc; path = "NSObject+ObjectMapper.m"; sourceTree = "<group>"; };
		A02920F41D39AF7E00EE6EF0 /* InstanceProvider.h */ = {isa = PBXFileReference; fileEncoding = 4; lastKnownFileType = sourcecode.c.h; path = InstanceProvider.h; sourceTree = "<group>"; };
		A02920F51D39AF7E00EE6EF0 /* ManagedObjectInstanceProvider.h */ = {isa = PBXFileReference; fileEncoding = 4; lastKnownFileType = sourcecode.c.h; path = ManagedObjectInstanceProvider.h; sourceTree = "<group>"; };
		A02920F61D39AF7E00EE6EF0 /* ManagedObjectInstanceProvider.m */ = {isa = PBXFileReference; fileEncoding = 4; lastKnownFileType = sourcecode.c.objc; path = ManagedObjectInstanceProvider.m; sourceTree = "<group>"; };
		A02920F71D39AF7E00EE6EF0 /* ObjectInstanceProvider.h */ = {isa = PBXFileReference; fileEncoding = 4; lastKnownFileType = sourcecode.c.h; path = ObjectInstanceProvider.h; sourceTree = "<group>"; };
		A02920F81D39AF7E00EE6EF0 /* ObjectInstanceProvider.m */ = {isa = PBXFileReference; fileEncoding = 4; lastKnownFileType = sourcecode.c.objc; path = ObjectInstanceProvider.m; sourceTree = "<group>"; };
		A02920FA1D39AF7E00EE6EF0 /* CommonLoggingProvider.h */ = {isa = PBXFileReference; fileEncoding = 4; lastKnownFileType = sourcecode.c.h; path = CommonLoggingProvider.h; sourceTree = "<group>"; };
		A02920FB1D39AF7E00EE6EF0 /* CommonLoggingProvider.m */ = {isa = PBXFileReference; fileEncoding = 4; lastKnownFileType = sourcecode.c.objc; path = CommonLoggingProvider.m; sourceTree = "<group>"; };
		A02920FC1D39AF7E00EE6EF0 /* LoggingProvider.h */ = {isa = PBXFileReference; fileEncoding = 4; lastKnownFileType = sourcecode.c.h; path = LoggingProvider.h; sourceTree = "<group>"; };
		A02920FF1D39AF7E00EE6EF0 /* InCodeMappingProvider.h */ = {isa = PBXFileReference; fileEncoding = 4; lastKnownFileType = sourcecode.c.h; path = InCodeMappingProvider.h; sourceTree = "<group>"; };
		A02921001D39AF7E00EE6EF0 /* InCodeMappingProvider.m */ = {isa = PBXFileReference; fileEncoding = 4; lastKnownFileType = sourcecode.c.objc; path = InCodeMappingProvider.m; sourceTree = "<group>"; };
		A02921011D39AF7E00EE6EF0 /* MappingProvider.h */ = {isa = PBXFileReference; fileEncoding = 4; lastKnownFileType = sourcecode.c.h; path = MappingProvider.h; sourceTree = "<group>"; };
		A02921021D39AF7E00EE6EF0 /* ObjectMapper.h */ = {isa = PBXFileReference; fileEncoding = 4; lastKnownFileType = sourcecode.c.h; path = ObjectMapper.h; sourceTree = "<group>"; };
		A02921031D39AF7E00EE6EF0 /* ObjectMapper.m */ = {isa = PBXFileReference; fileEncoding = 4; lastKnownFileType = sourcecode.c.objc; path = ObjectMapper.m; sourceTree = "<group>"; };
		A02921041D39AF7E00EE6EF0 /* ObjectMappingInfo.h */ = {isa = PBXFileReference; fileEncoding = 4; lastKnownFileType = sourcecode.c.h; path = ObjectMappingInfo.h; sourceTree = "<group>"; };
		A02921051D39AF7E00EE6EF0 /* ObjectMappingInfo.m */ = {isa = PBXFileReference; fileEncoding = 4; lastKnownFileType = sourcecode.c.objc; path = ObjectMappingInfo.m; sourceTree = "<group>"; };
		A02921061D39AF7E00EE6EF0 /* OCMapper.h */ = {isa = PBXFileReference; fileEncoding = 4; lastKnownFileType = sourcecode.c.h; path = OCMapper.h; sourceTree = "<group>"; };
		A029210F1D39B01500EE6EF0 /* Declarations.h */ = {isa = PBXFileReference; fileEncoding = 4; lastKnownFileType = sourcecode.c.h; path = Declarations.h; sourceTree = "<group>"; };
		A02921101D39B01500EE6EF0 /* Declarations.m */ = {isa = PBXFileReference; fileEncoding = 4; lastKnownFileType = sourcecode.c.objc; path = Declarations.m; sourceTree = "<group>"; };
		A02921121D39B02400EE6EF0 /* WebServices.h */ = {isa = PBXFileReference; fileEncoding = 4; lastKnownFileType = sourcecode.c.h; path = WebServices.h; sourceTree = "<group>"; };
		A02921131D39B02400EE6EF0 /* WebServices.m */ = {isa = PBXFileReference; fileEncoding = 4; lastKnownFileType = sourcecode.c.objc; path = WebServices.m; sourceTree = "<group>"; };
		A02921151D39B03700EE6EF0 /* Parser.h */ = {isa = PBXFileReference; fileEncoding = 4; lastKnownFileType = sourcecode.c.h; path = Parser.h; sourceTree = "<group>"; };
		A02921161D39B03700EE6EF0 /* Parser.m */ = {isa = PBXFileReference; fileEncoding = 4; lastKnownFileType = sourcecode.c.objc; path = Parser.m; sourceTree = "<group>"; };
		A02921181D39B05100EE6EF0 /* OCMapperConfig.h */ = {isa = PBXFileReference; fileEncoding = 4; lastKnownFileType = sourcecode.c.h; path = OCMapperConfig.h; sourceTree = "<group>"; };
		A02921191D39B05100EE6EF0 /* OCMapperConfig.m */ = {isa = PBXFileReference; fileEncoding = 4; lastKnownFileType = sourcecode.c.objc; path = OCMapperConfig.m; sourceTree = "<group>"; };
		A029211C1D39C3E000EE6EF0 /* NSObject+SBJson.h */ = {isa = PBXFileReference; fileEncoding = 4; lastKnownFileType = sourcecode.c.h; path = "NSObject+SBJson.h"; sourceTree = "<group>"; };
		A029211D1D39C3E000EE6EF0 /* NSObject+SBJson.m */ = {isa = PBXFileReference; fileEncoding = 4; lastKnownFileType = sourcecode.c.objc; path = "NSObject+SBJson.m"; sourceTree = "<group>"; };
		A029211E1D39C3E000EE6EF0 /* SBJson.h */ = {isa = PBXFileReference; fileEncoding = 4; lastKnownFileType = sourcecode.c.h; path = SBJson.h; sourceTree = "<group>"; };
		A029211F1D39C3E000EE6EF0 /* SBJsonParser.h */ = {isa = PBXFileReference; fileEncoding = 4; lastKnownFileType = sourcecode.c.h; path = SBJsonParser.h; sourceTree = "<group>"; };
		A02921201D39C3E000EE6EF0 /* SBJsonParser.m */ = {isa = PBXFileReference; fileEncoding = 4; lastKnownFileType = sourcecode.c.objc; path = SBJsonParser.m; sourceTree = "<group>"; };
		A02921211D39C3E000EE6EF0 /* SBJsonStreamParser.h */ = {isa = PBXFileReference; fileEncoding = 4; lastKnownFileType = sourcecode.c.h; path = SBJsonStreamParser.h; sourceTree = "<group>"; };
		A02921221D39C3E000EE6EF0 /* SBJsonStreamParser.m */ = {isa = PBXFileReference; fileEncoding = 4; lastKnownFileType = sourcecode.c.objc; path = SBJsonStreamParser.m; sourceTree = "<group>"; };
		A02921231D39C3E000EE6EF0 /* SBJsonStreamParserAccumulator.h */ = {isa = PBXFileReference; fileEncoding = 4; lastKnownFileType = sourcecode.c.h; path = SBJsonStreamParserAccumulator.h; sourceTree = "<group>"; };
		A02921241D39C3E000EE6EF0 /* SBJsonStreamParserAccumulator.m */ = {isa = PBXFileReference; fileEncoding = 4; lastKnownFileType = sourcecode.c.objc; path = SBJsonStreamParserAccumulator.m; sourceTree = "<group>"; };
		A02921251D39C3E000EE6EF0 /* SBJsonStreamParserAdapter.h */ = {isa = PBXFileReference; fileEncoding = 4; lastKnownFileType = sourcecode.c.h; path = SBJsonStreamParserAdapter.h; sourceTree = "<group>"; };
		A02921261D39C3E000EE6EF0 /* SBJsonStreamParserAdapter.m */ = {isa = PBXFileReference; fileEncoding = 4; lastKnownFileType = sourcecode.c.objc; path = SBJsonStreamParserAdapter.m; sourceTree = "<group>"; };
		A02921271D39C3E000EE6EF0 /* SBJsonStreamParserState.h */ = {isa = PBXFileReference; fileEncoding = 4; lastKnownFileType = sourcecode.c.h; path = SBJsonStreamParserState.h; sourceTree = "<group>"; };
		A02921281D39C3E000EE6EF0 /* SBJsonStreamParserState.m */ = {isa = PBXFileReference; fileEncoding = 4; lastKnownFileType = sourcecode.c.objc; path = SBJsonStreamParserState.m; sourceTree = "<group>"; };
		A02921291D39C3E000EE6EF0 /* SBJsonStreamWriter.h */ = {isa = PBXFileReference; fileEncoding = 4; lastKnownFileType = sourcecode.c.h; path = SBJsonStreamWriter.h; sourceTree = "<group>"; };
		A029212A1D39C3E000EE6EF0 /* SBJsonStreamWriter.m */ = {isa = PBXFileReference; fileEncoding = 4; lastKnownFileType = sourcecode.c.objc; path = SBJsonStreamWriter.m; sourceTree = "<group>"; };
		A029212B1D39C3E000EE6EF0 /* SBJsonStreamWriterAccumulator.h */ = {isa = PBXFileReference; fileEncoding = 4; lastKnownFileType = sourcecode.c.h; path = SBJsonStreamWriterAccumulator.h; sourceTree = "<group>"; };
		A029212C1D39C3E000EE6EF0 /* SBJsonStreamWriterAccumulator.m */ = {isa = PBXFileReference; fileEncoding = 4; lastKnownFileType = sourcecode.c.objc; path = SBJsonStreamWriterAccumulator.m; sourceTree = "<group>"; };
		A029212D1D39C3E000EE6EF0 /* SBJsonStreamWriterState.h */ = {isa = PBXFileReference; fileEncoding = 4; lastKnownFileType = sourcecode.c.h; path = SBJsonStreamWriterState.h; sourceTree = "<group>"; };
		A029212E1D39C3E000EE6EF0 /* SBJsonStreamWriterState.m */ = {isa = PBXFileReference; fileEncoding = 4; lastKnownFileType = sourcecode.c.objc; path = SBJsonStreamWriterState.m; sourceTree = "<group>"; };
		A029212F1D39C3E000EE6EF0 /* SBJsonTokeniser.h */ = {isa = PBXFileReference; fileEncoding = 4; lastKnownFileType = sourcecode.c.h; path = SBJsonTokeniser.h; sourceTree = "<group>"; };
		A02921301D39C3E000EE6EF0 /* SBJsonTokeniser.m */ = {isa = PBXFileReference; fileEncoding = 4; lastKnownFileType = sourcecode.c.objc; path = SBJsonTokeniser.m; sourceTree = "<group>"; };
		A02921311D39C3E000EE6EF0 /* SBJsonUTF8Stream.h */ = {isa = PBXFileReference; fileEncoding = 4; lastKnownFileType = sourcecode.c.h; path = SBJsonUTF8Stream.h; sourceTree = "<group>"; };
		A02921321D39C3E000EE6EF0 /* SBJsonUTF8Stream.m */ = {isa = PBXFileReference; fileEncoding = 4; lastKnownFileType = sourcecode.c.objc; path = SBJsonUTF8Stream.m; sourceTree = "<group>"; };
		A02921331D39C3E000EE6EF0 /* SBJsonWriter.h */ = {isa = PBXFileReference; fileEncoding = 4; lastKnownFileType = sourcecode.c.h; path = SBJsonWriter.h; sourceTree = "<group>"; };
		A02921341D39C3E000EE6EF0 /* SBJsonWriter.m */ = {isa = PBXFileReference; fileEncoding = 4; lastKnownFileType = sourcecode.c.objc; path = SBJsonWriter.m; sourceTree = "<group>"; };
		A02921421D39C67800EE6EF0 /* ObjectResponse.h */ = {isa = PBXFileReference; fileEncoding = 4; lastKnownFileType = sourcecode.c.h; path = ObjectResponse.h; sourceTree = "<group>"; };
		A02921431D39C67800EE6EF0 /* ObjectResponse.m */ = {isa = PBXFileReference; fileEncoding = 4; lastKnownFileType = sourcecode.c.objc; path = ObjectResponse.m; sourceTree = "<group>"; };
		A02921451D39C78200EE6EF0 /* Coord.h */ = {isa = PBXFileReference; fileEncoding = 4; lastKnownFileType = sourcecode.c.h; path = Coord.h; sourceTree = "<group>"; };
		A02921461D39C78200EE6EF0 /* Coord.m */ = {isa = PBXFileReference; fileEncoding = 4; lastKnownFileType = sourcecode.c.objc; path = Coord.m; sourceTree = "<group>"; };
		A09C2D771D556E8400644A62 /* MainObject.h */ = {isa = PBXFileReference; fileEncoding = 4; lastKnownFileType = sourcecode.c.h; path = MainObject.h; sourceTree = "<group>"; };
		A09C2D781D556E8400644A62 /* MainObject.m */ = {isa = PBXFileReference; fileEncoding = 4; lastKnownFileType = sourcecode.c.objc; path = MainObject.m; sourceTree = "<group>"; };
		A09C2D7A1D5577B800644A62 /* Podfile */ = {isa = PBXFileReference; fileEncoding = 4; lastKnownFileType = text; name = Podfile; path = ../Podfile; sourceTree = "<group>"; };
/* End PBXFileReference section */

/* Begin PBXFrameworksBuildPhase section */
		A02920CB1D39ABC100EE6EF0 /* Frameworks */ = {
			isa = PBXFrameworksBuildPhase;
			buildActionMask = 2147483647;
			files = (
			);
			runOnlyForDeploymentPostprocessing = 0;
		};
/* End PBXFrameworksBuildPhase section */

/* Begin PBXGroup section */
		A02920C51D39ABC000EE6EF0 = {
			isa = PBXGroup;
			children = (
				A02920D01D39ABC100EE6EF0 /* WebServices */,
				A02920CF1D39ABC100EE6EF0 /* Products */,
			);
			sourceTree = "<group>";
		};
		A02920CF1D39ABC100EE6EF0 /* Products */ = {
			isa = PBXGroup;
			children = (
				A02920CE1D39ABC100EE6EF0 /* WebServices.app */,
			);
			name = Products;
			sourceTree = "<group>";
		};
		A02920D01D39ABC100EE6EF0 /* WebServices */ = {
			isa = PBXGroup;
			children = (
				A02921411D39C65A00EE6EF0 /* Models */,
				A029211B1D39C3E000EE6EF0 /* json */,
				A02920ED1D39AF7E00EE6EF0 /* ocmapper */,
				A02920EB1D39AC4000EE6EF0 /* Main */,
				A02920EC1D39AC4700EE6EF0 /* Controllers */,
				A02920DA1D39ABC200EE6EF0 /* Main.storyboard */,
				A02920E01D39ABC200EE6EF0 /* Assets.xcassets */,
				A02920E21D39ABC200EE6EF0 /* LaunchScreen.storyboard */,
				A02920E51D39ABC200EE6EF0 /* Info.plist */,
				A09C2D7A1D5577B800644A62 /* Podfile */,
				A02920DD1D39ABC200EE6EF0 /* WebServices.xcdatamodeld */,
				A02920D11D39ABC100EE6EF0 /* Supporting Files */,
			);
			path = WebServices;
			sourceTree = "<group>";
		};
		A02920D11D39ABC100EE6EF0 /* Supporting Files */ = {
			isa = PBXGroup;
			children = (
				A02920D21D39ABC100EE6EF0 /* main.m */,
			);
			name = "Supporting Files";
			sourceTree = "<group>";
		};
		A02920EB1D39AC4000EE6EF0 /* Main */ = {
			isa = PBXGroup;
			children = (
				A02920D41D39ABC100EE6EF0 /* AppDelegate.h */,
				A02920D51D39ABC100EE6EF0 /* AppDelegate.m */,
				A029210F1D39B01500EE6EF0 /* Declarations.h */,
				A02921101D39B01500EE6EF0 /* Declarations.m */,
				A02921121D39B02400EE6EF0 /* WebServices.h */,
				A02921131D39B02400EE6EF0 /* WebServices.m */,
				A02921151D39B03700EE6EF0 /* Parser.h */,
				A02921161D39B03700EE6EF0 /* Parser.m */,
				A02921181D39B05100EE6EF0 /* OCMapperConfig.h */,
				A02921191D39B05100EE6EF0 /* OCMapperConfig.m */,
			);
			name = Main;
			sourceTree = "<group>";
		};
		A02920EC1D39AC4700EE6EF0 /* Controllers */ = {
			isa = PBXGroup;
			children = (
				A02920D71D39ABC100EE6EF0 /* Start.h */,
				A02920D81D39ABC100EE6EF0 /* Start.m */,
			);
			name = Controllers;
			sourceTree = "<group>";
		};
		A02920ED1D39AF7E00EE6EF0 /* ocmapper */ = {
			isa = PBXGroup;
			children = (
				A02920EE1D39AF7E00EE6EF0 /* Categories */,
				A02920F31D39AF7E00EE6EF0 /* Instance Provider */,
				A02920F91D39AF7E00EE6EF0 /* Logging Provider */,
				A02920FD1D39AF7E00EE6EF0 /* Mapping Provider */,
				A02921021D39AF7E00EE6EF0 /* ObjectMapper.h */,
				A02921031D39AF7E00EE6EF0 /* ObjectMapper.m */,
				A02921041D39AF7E00EE6EF0 /* ObjectMappingInfo.h */,
				A02921051D39AF7E00EE6EF0 /* ObjectMappingInfo.m */,
				A02921061D39AF7E00EE6EF0 /* OCMapper.h */,
			);
			path = ocmapper;
			sourceTree = "<group>";
		};
		A02920EE1D39AF7E00EE6EF0 /* Categories */ = {
			isa = PBXGroup;
			children = (
				A02920EF1D39AF7E00EE6EF0 /* NSDictionary+ObjectMapper.h */,
				A02920F01D39AF7E00EE6EF0 /* NSDictionary+ObjectMapper.m */,
				A02920F11D39AF7E00EE6EF0 /* NSObject+ObjectMapper.h */,
				A02920F21D39AF7E00EE6EF0 /* NSObject+ObjectMapper.m */,
			);
			path = Categories;
			sourceTree = "<group>";
		};
		A02920F31D39AF7E00EE6EF0 /* Instance Provider */ = {
			isa = PBXGroup;
			children = (
				A02920F41D39AF7E00EE6EF0 /* InstanceProvider.h */,
				A02920F51D39AF7E00EE6EF0 /* ManagedObjectInstanceProvider.h */,
				A02920F61D39AF7E00EE6EF0 /* ManagedObjectInstanceProvider.m */,
				A02920F71D39AF7E00EE6EF0 /* ObjectInstanceProvider.h */,
				A02920F81D39AF7E00EE6EF0 /* ObjectInstanceProvider.m */,
			);
			path = "Instance Provider";
			sourceTree = "<group>";
		};
		A02920F91D39AF7E00EE6EF0 /* Logging Provider */ = {
			isa = PBXGroup;
			children = (
				A02920FA1D39AF7E00EE6EF0 /* CommonLoggingProvider.h */,
				A02920FB1D39AF7E00EE6EF0 /* CommonLoggingProvider.m */,
				A02920FC1D39AF7E00EE6EF0 /* LoggingProvider.h */,
			);
			path = "Logging Provider";
			sourceTree = "<group>";
		};
		A02920FD1D39AF7E00EE6EF0 /* Mapping Provider */ = {
			isa = PBXGroup;
			children = (
				A02920FE1D39AF7E00EE6EF0 /* In Code Mapping */,
				A02921011D39AF7E00EE6EF0 /* MappingProvider.h */,
			);
			path = "Mapping Provider";
			sourceTree = "<group>";
		};
		A02920FE1D39AF7E00EE6EF0 /* In Code Mapping */ = {
			isa = PBXGroup;
			children = (
				A02920FF1D39AF7E00EE6EF0 /* InCodeMappingProvider.h */,
				A02921001D39AF7E00EE6EF0 /* InCodeMappingProvider.m */,
			);
			path = "In Code Mapping";
			sourceTree = "<group>";
		};
		A029211B1D39C3E000EE6EF0 /* json */ = {
			isa = PBXGroup;
			children = (
				A029211C1D39C3E000EE6EF0 /* NSObject+SBJson.h */,
				A029211D1D39C3E000EE6EF0 /* NSObject+SBJson.m */,
				A029211E1D39C3E000EE6EF0 /* SBJson.h */,
				A029211F1D39C3E000EE6EF0 /* SBJsonParser.h */,
				A02921201D39C3E000EE6EF0 /* SBJsonParser.m */,
				A02921211D39C3E000EE6EF0 /* SBJsonStreamParser.h */,
				A02921221D39C3E000EE6EF0 /* SBJsonStreamParser.m */,
				A02921231D39C3E000EE6EF0 /* SBJsonStreamParserAccumulator.h */,
				A02921241D39C3E000EE6EF0 /* SBJsonStreamParserAccumulator.m */,
				A02921251D39C3E000EE6EF0 /* SBJsonStreamParserAdapter.h */,
				A02921261D39C3E000EE6EF0 /* SBJsonStreamParserAdapter.m */,
				A02921271D39C3E000EE6EF0 /* SBJsonStreamParserState.h */,
				A02921281D39C3E000EE6EF0 /* SBJsonStreamParserState.m */,
				A02921291D39C3E000EE6EF0 /* SBJsonStreamWriter.h */,
				A029212A1D39C3E000EE6EF0 /* SBJsonStreamWriter.m */,
				A029212B1D39C3E000EE6EF0 /* SBJsonStreamWriterAccumulator.h */,
				A029212C1D39C3E000EE6EF0 /* SBJsonStreamWriterAccumulator.m */,
				A029212D1D39C3E000EE6EF0 /* SBJsonStreamWriterState.h */,
				A029212E1D39C3E000EE6EF0 /* SBJsonStreamWriterState.m */,
				A029212F1D39C3E000EE6EF0 /* SBJsonTokeniser.h */,
				A02921301D39C3E000EE6EF0 /* SBJsonTokeniser.m */,
				A02921311D39C3E000EE6EF0 /* SBJsonUTF8Stream.h */,
				A02921321D39C3E000EE6EF0 /* SBJsonUTF8Stream.m */,
				A02921331D39C3E000EE6EF0 /* SBJsonWriter.h */,
				A02921341D39C3E000EE6EF0 /* SBJsonWriter.m */,
			);
			path = json;
			sourceTree = "<group>";
		};
		A02921411D39C65A00EE6EF0 /* Models */ = {
			isa = PBXGroup;
			children = (
				A02921421D39C67800EE6EF0 /* ObjectResponse.h */,
				A02921431D39C67800EE6EF0 /* ObjectResponse.m */,
				A02921451D39C78200EE6EF0 /* Coord.h */,
				A02921461D39C78200EE6EF0 /* Coord.m */,
				A09C2D771D556E8400644A62 /* MainObject.h */,
				A09C2D781D556E8400644A62 /* MainObject.m */,
			);
			name = Models;
			sourceTree = "<group>";
		};
/* End PBXGroup section */

/* Begin PBXNativeTarget section */
		A02920CD1D39ABC100EE6EF0 /* WebServices */ = {
			isa = PBXNativeTarget;
			buildConfigurationList = A02920E81D39ABC200EE6EF0 /* Build configuration list for PBXNativeTarget "WebServices" */;
			buildPhases = (
				A02920CA1D39ABC100EE6EF0 /* Sources */,
				A02920CB1D39ABC100EE6EF0 /* Frameworks */,
				A02920CC1D39ABC100EE6EF0 /* Resources */,
			);
			buildRules = (
			);
			dependencies = (
			);
			name = WebServices;
			productName = WebServices;
			productReference = A02920CE1D39ABC100EE6EF0 /* WebServices.app */;
			productType = "com.apple.product-type.application";
		};
/* End PBXNativeTarget section */

/* Begin PBXProject section */
		A02920C61D39ABC000EE6EF0 /* Project object */ = {
			isa = PBXProject;
			attributes = {
				LastUpgradeCheck = 0730;
				ORGANIZATIONNAME = "Luis de Jesus Martin Castillo";
				TargetAttributes = {
					A02920CD1D39ABC100EE6EF0 = {
						CreatedOnToolsVersion = 7.3.1;
						DevelopmentTeam = G4BTYN7N43;
					};
				};
			};
			buildConfigurationList = A02920C91D39ABC000EE6EF0 /* Build configuration list for PBXProject "WebServices" */;
			compatibilityVersion = "Xcode 3.2";
			developmentRegion = English;
			hasScannedForEncodings = 0;
			knownRegions = (
				en,
				Base,
			);
			mainGroup = A02920C51D39ABC000EE6EF0;
			productRefGroup = A02920CF1D39ABC100EE6EF0 /* Products */;
			projectDirPath = "";
			projectRoot = "";
			targets = (
				A02920CD1D39ABC100EE6EF0 /* WebServices */,
			);
		};
/* End PBXProject section */

/* Begin PBXResourcesBuildPhase section */
		A02920CC1D39ABC100EE6EF0 /* Resources */ = {
			isa = PBXResourcesBuildPhase;
			buildActionMask = 2147483647;
			files = (
				A02920E41D39ABC200EE6EF0 /* LaunchScreen.storyboard in Resources */,
				A02920E11D39ABC200EE6EF0 /* Assets.xcassets in Resources */,
				A09C2D7B1D5577B800644A62 /* Podfile in Resources */,
				A02920DC1D39ABC200EE6EF0 /* Main.storyboard in Resources */,
			);
			runOnlyForDeploymentPostprocessing = 0;
		};
/* End PBXResourcesBuildPhase section */

/* Begin PBXSourcesBuildPhase section */
		A02920CA1D39ABC100EE6EF0 /* Sources */ = {
			isa = PBXSourcesBuildPhase;
			buildActionMask = 2147483647;
			files = (
				A02920D91D39ABC100EE6EF0 /* Start.m in Sources */,
				A029210D1D39AF7E00EE6EF0 /* ObjectMapper.m in Sources */,
				A029213F1D39C3E000EE6EF0 /* SBJsonUTF8Stream.m in Sources */,
				A029213C1D39C3E000EE6EF0 /* SBJsonStreamWriterAccumulator.m in Sources */,
				A02921141D39B02400EE6EF0 /* WebServices.m in Sources */,
				A029210C1D39AF7E00EE6EF0 /* InCodeMappingProvider.m in Sources */,
				A02921351D39C3E000EE6EF0 /* NSObject+SBJson.m in Sources */,
				A02921171D39B03700EE6EF0 /* Parser.m in Sources */,
				A02920D61D39ABC100EE6EF0 /* AppDelegate.m in Sources */,
				A029210A1D39AF7E00EE6EF0 /* ObjectInstanceProvider.m in Sources */,
				A02921391D39C3E000EE6EF0 /* SBJsonStreamParserAdapter.m in Sources */,
				A02920DF1D39ABC200EE6EF0 /* WebServices.xcdatamodeld in Sources */,
				A02921371D39C3E000EE6EF0 /* SBJsonStreamParser.m in Sources */,
				A029213A1D39C3E000EE6EF0 /* SBJsonStreamParserState.m in Sources */,
				A02921381D39C3E000EE6EF0 /* SBJsonStreamParserAccumulator.m in Sources */,
				A029213D1D39C3E000EE6EF0 /* SBJsonStreamWriterState.m in Sources */,
				A029213E1D39C3E000EE6EF0 /* SBJsonTokeniser.m in Sources */,
				A029211A1D39B05100EE6EF0 /* OCMapperConfig.m in Sources */,
				A09C2D791D556E8400644A62 /* MainObject.m in Sources */,
				A02921081D39AF7E00EE6EF0 /* NSObject+ObjectMapper.m in Sources */,
				A02920D31D39ABC100EE6EF0 /* main.m in Sources */,
				A029210B1D39AF7E00EE6EF0 /* CommonLoggingProvider.m in Sources */,
				A02921471D39C78200EE6EF0 /* Coord.m in Sources */,
				A02921401D39C3E000EE6EF0 /* SBJsonWriter.m in Sources */,
				A029213B1D39C3E000EE6EF0 /* SBJsonStreamWriter.m in Sources */,
				A02921111D39B01500EE6EF0 /* Declarations.m in Sources */,
				A029210E1D39AF7E00EE6EF0 /* ObjectMappingInfo.m in Sources */,
				A02921361D39C3E000EE6EF0 /* SBJsonParser.m in Sources */,
				A02921071D39AF7E00EE6EF0 /* NSDictionary+ObjectMapper.m in Sources */,
				A02921441D39C67800EE6EF0 /* ObjectResponse.m in Sources */,
				A02921091D39AF7E00EE6EF0 /* ManagedObjectInstanceProvider.m in Sources */,
			);
			runOnlyForDeploymentPostprocessing = 0;
		};
/* End PBXSourcesBuildPhase section */

/* Begin PBXVariantGroup section */
		A02920DA1D39ABC200EE6EF0 /* Main.storyboard */ = {
			isa = PBXVariantGroup;
			children = (
				A02920DB1D39ABC200EE6EF0 /* Base */,
			);
			name = Main.storyboard;
			sourceTree = "<group>";
		};
		A02920E21D39ABC200EE6EF0 /* LaunchScreen.storyboard */ = {
			isa = PBXVariantGroup;
			children = (
				A02920E31D39ABC200EE6EF0 /* Base */,
			);
			name = LaunchScreen.storyboard;
			sourceTree = "<group>";
		};
/* End PBXVariantGroup section */

/* Begin XCBuildConfiguration section */
		A02920E61D39ABC200EE6EF0 /* Debug */ = {
			isa = XCBuildConfiguration;
			buildSettings = {
				ALWAYS_SEARCH_USER_PATHS = NO;
				CLANG_ANALYZER_NONNULL = YES;
				CLANG_CXX_LANGUAGE_STANDARD = "gnu++0x";
				CLANG_CXX_LIBRARY = "libc++";
				CLANG_ENABLE_MODULES = YES;
				CLANG_ENABLE_OBJC_ARC = YES;
				CLANG_WARN_BOOL_CONVERSION = YES;
				CLANG_WARN_CONSTANT_CONVERSION = YES;
				CLANG_WARN_DIRECT_OBJC_ISA_USAGE = YES_ERROR;
				CLANG_WARN_EMPTY_BODY = YES;
				CLANG_WARN_ENUM_CONVERSION = YES;
				CLANG_WARN_INT_CONVERSION = YES;
				CLANG_WARN_OBJC_ROOT_CLASS = YES_ERROR;
				CLANG_WARN_UNREACHABLE_CODE = YES;
				CLANG_WARN__DUPLICATE_METHOD_MATCH = YES;
				"CODE_SIGN_IDENTITY[sdk=iphoneos*]" = "iPhone Developer";
				COPY_PHASE_STRIP = NO;
				DEBUG_INFORMATION_FORMAT = dwarf;
				ENABLE_STRICT_OBJC_MSGSEND = YES;
				ENABLE_TESTABILITY = YES;
				GCC_C_LANGUAGE_STANDARD = gnu99;
				GCC_DYNAMIC_NO_PIC = NO;
				GCC_NO_COMMON_BLOCKS = YES;
				GCC_OPTIMIZATION_LEVEL = 0;
				GCC_PREPROCESSOR_DEFINITIONS = (
					"DEBUG=1",
					"$(inherited)",
				);
				GCC_WARN_64_TO_32_BIT_CONVERSION = YES;
				GCC_WARN_ABOUT_RETURN_TYPE = YES_ERROR;
				GCC_WARN_UNDECLARED_SELECTOR = YES;
				GCC_WARN_UNINITIALIZED_AUTOS = YES_AGGRESSIVE;
				GCC_WARN_UNUSED_FUNCTION = YES;
				GCC_WARN_UNUSED_VARIABLE = YES;
				IPHONEOS_DEPLOYMENT_TARGET = 9.3;
				MTL_ENABLE_DEBUG_INFO = YES;
				ONLY_ACTIVE_ARCH = YES;
				SDKROOT = iphoneos;
			};
			name = Debug;
		};
		A02920E71D39ABC200EE6EF0 /* Release */ = {
			isa = XCBuildConfiguration;
			buildSettings = {
				ALWAYS_SEARCH_USER_PATHS = NO;
				CLANG_ANALYZER_NONNULL = YES;
				CLANG_CXX_LANGUAGE_STANDARD = "gnu++0x";
				CLANG_CXX_LIBRARY = "libc++";
				CLANG_ENABLE_MODULES = YES;
				CLANG_ENABLE_OBJC_ARC = YES;
				CLANG_WARN_BOOL_CONVERSION = YES;
				CLANG_WARN_CONSTANT_CONVERSION = YES;
				CLANG_WARN_DIRECT_OBJC_ISA_USAGE = YES_ERROR;
				CLANG_WARN_EMPTY_BODY = YES;
				CLANG_WARN_ENUM_CONVERSION = YES;
				CLANG_WARN_INT_CONVERSION = YES;
				CLANG_WARN_OBJC_ROOT_CLASS = YES_ERROR;
				CLANG_WARN_UNREACHABLE_CODE = YES;
				CLANG_WARN__DUPLICATE_METHOD_MATCH = YES;
				"CODE_SIGN_IDENTITY[sdk=iphoneos*]" = "iPhone Developer";
				COPY_PHASE_STRIP = NO;
				DEBUG_INFORMATION_FORMAT = "dwarf-with-dsym";
				ENABLE_NS_ASSERTIONS = NO;
				ENABLE_STRICT_OBJC_MSGSEND = YES;
				GCC_C_LANGUAGE_STANDARD = gnu99;
				GCC_NO_COMMON_BLOCKS = YES;
				GCC_WARN_64_TO_32_BIT_CONVERSION = YES;
				GCC_WARN_ABOUT_RETURN_TYPE = YES_ERROR;
				GCC_WARN_UNDECLARED_SELECTOR = YES;
				GCC_WARN_UNINITIALIZED_AUTOS = YES_AGGRESSIVE;
				GCC_WARN_UNUSED_FUNCTION = YES;
				GCC_WARN_UNUSED_VARIABLE = YES;
				IPHONEOS_DEPLOYMENT_TARGET = 9.3;
				MTL_ENABLE_DEBUG_INFO = NO;
				SDKROOT = iphoneos;
				VALIDATE_PRODUCT = YES;
			};
			name = Release;
		};
		A02920E91D39ABC200EE6EF0 /* Debug */ = {
			isa = XCBuildConfiguration;
			buildSettings = {
				ASSETCATALOG_COMPILER_APPICON_NAME = AppIcon;
				CODE_SIGN_IDENTITY = "iPhone Developer";
				"CODE_SIGN_IDENTITY[sdk=iphoneos*]" = "iPhone Developer";
				INFOPLIST_FILE = WebServices/Info.plist;
				LD_RUNPATH_SEARCH_PATHS = "$(inherited) @executable_path/Frameworks";
				PRODUCT_BUNDLE_IDENTIFIER = com.ljmc.WebServices;
				PRODUCT_NAME = "$(TARGET_NAME)";
				PROVISIONING_PROFILE = "";
			};
			name = Debug;
		};
		A02920EA1D39ABC200EE6EF0 /* Release */ = {
			isa = XCBuildConfiguration;
			buildSettings = {
				ASSETCATALOG_COMPILER_APPICON_NAME = AppIcon;
				CODE_SIGN_IDENTITY = "iPhone Developer";
				"CODE_SIGN_IDENTITY[sdk=iphoneos*]" = "iPhone Developer";
				INFOPLIST_FILE = WebServices/Info.plist;
				LD_RUNPATH_SEARCH_PATHS = "$(inherited) @executable_path/Frameworks";
				PRODUCT_BUNDLE_IDENTIFIER = com.ljmc.WebServices;
				PRODUCT_NAME = "$(TARGET_NAME)";
				PROVISIONING_PROFILE = "";
			};
			name = Release;
		};
/* End XCBuildConfiguration section */

/* Begin XCConfigurationList section */
		A02920C91D39ABC000EE6EF0 /* Build configuration list for PBXProject "WebServices" */ = {
			isa = XCConfigurationList;
			buildConfigurations = (
				A02920E61D39ABC200EE6EF0 /* Debug */,
				A02920E71D39ABC200EE6EF0 /* Release */,
			);
			defaultConfigurationIsVisible = 0;
			defaultConfigurationName = Release;
		};
		A02920E81D39ABC200EE6EF0 /* Build configuration list for PBXNativeTarget "WebServices" */ = {
			isa = XCConfigurationList;
			buildConfigurations = (
				A02920E91D39ABC200EE6EF0 /* Debug */,
				A02920EA1D39ABC200EE6EF0 /* Release */,
			);
			defaultConfigurationIsVisible = 0;
			defaultConfigurationName = Release;
		};
/* End XCConfigurationList section */

/* Begin XCVersionGroup section */
		A02920DD1D39ABC200EE6EF0 /* WebServices.xcdatamodeld */ = {
			isa = XCVersionGroup;
			children = (
				A02920DE1D39ABC200EE6EF0 /* WebServices.xcdatamodel */,
			);
			currentVersion = A02920DE1D39ABC200EE6EF0 /* WebServices.xcdatamodel */;
			path = WebServices.xcdatamodeld;
			sourceTree = "<group>";
			versionGroupType = wrapper.xcdatamodel;
		};
/* End XCVersionGroup section */
	};
	rootObject = A02920C61D39ABC000EE6EF0 /* Project object */;
}
